{
    "_meta": {
        "hash": {
            "sha256": "9a5fd8f5c5e0c986ae21d695cddb02cf97bf8bc26699a669c924a5db2d8059b2"
        },
        "pipfile-spec": 6,
        "requires": {
            "python_version": "3.10"
        },
        "sources": [
            {
                "name": "pypi",
                "url": "https://pypi.org/simple",
                "verify_ssl": true
            }
        ]
    },
    "default": {
        "exifread": {
            "hashes": [
                "sha256:3ef8725efdb66530b4b3cd1c4ba5d3f3b35a7872137d2c707f711971f8ebf809",
                "sha256:a0f74af5040168d3883bbc980efe26d06c89f026dc86ba28eb34107662d51766"
            ],
            "index": "pypi",
            "version": "==2.3.2"
        },
        "hachoir": {
            "hashes": [
                "sha256:b17ba5907b7836b2204ef724e7992d2e794311596e2121098912a9f3c4e69273",
                "sha256:bc1259b1e2970532b2dbd99139cb0de59d9bb8904eb1489c3e8a82c979c98f23"
            ],
            "index": "pypi",
            "version": "==3.1.2"
        },
        "numpy": {
            "hashes": [
                "sha256:0cfe07133fd00b27edee5e6385e333e9eeb010607e8a46e1cd673f05f8596595",
                "sha256:11a1f3816ea82eed4178102c56281782690ab5993251fdfd75039aad4d20385f",
                "sha256:2762331de395739c91f1abb88041f94a080cb1143aeec791b3b223976228af3f",
                "sha256:283d9de87c0133ef98f93dfc09fad3fb382f2a15580de75c02b5bb36a5a159a5",
                "sha256:3d22662b4b10112c545c91a0741f2436f8ca979ab3d69d03d19322aa970f9695",
                "sha256:41388e32e40b41dd56eb37fcaa7488b2b47b0adf77c66154d6b89622c110dfe9",
                "sha256:42c16cec1c8cf2728f1d539bd55aaa9d6bb48a7de2f41eb944697293ef65a559",
                "sha256:47ee7a839f5885bc0c63a74aabb91f6f40d7d7b639253768c4199b37aede7982",
                "sha256:5a311ee4d983c487a0ab546708edbdd759393a3dc9cd30305170149fedd23c88",
                "sha256:5dc65644f75a4c2970f21394ad8bea1a844104f0fe01f278631be1c7eae27226",
                "sha256:6ed0d073a9c54ac40c41a9c2d53fcc3d4d4ed607670b9e7b0de1ba13b4cbfe6f",
                "sha256:76ba7c40e80f9dc815c5e896330700fd6e20814e69da9c1267d65a4d051080f1",
                "sha256:818b9be7900e8dc23e013a92779135623476f44a0de58b40c32a15368c01d471",
                "sha256:a024181d7aef0004d76fb3bce2a4c9f2e67a609a9e2a6ff2571d30e9976aa383",
                "sha256:a955e4128ac36797aaffd49ab44ec74a71c11d6938df83b1285492d277db5397",
                "sha256:a97a954a8c2f046d3817c2bce16e3c7e9a9c2afffaf0400f5c16df5172a67c9c",
                "sha256:a97e82c39d9856fe7d4f9b86d8a1e66eff99cf3a8b7ba48202f659703d27c46f",
                "sha256:b55b953a1bdb465f4dc181758570d321db4ac23005f90ffd2b434cc6609a63dd",
                "sha256:bb02929b0d6bfab4c48a79bd805bd7419114606947ec8284476167415171f55b",
                "sha256:bece0a4a49e60e472a6d1f70ac6cdea00f9ab80ff01132f96bd970cdd8a9e5a9",
                "sha256:e41e8951749c4b5c9a2dc5fdbc1a4eec6ab2a140fdae9b460b0f557eed870f4d",
                "sha256:f71d57cc8645f14816ae249407d309be250ad8de93ef61d9709b45a0ddf4050c"
            ],
            "index": "pypi",
            "version": "==1.22.0"
        },
        "python-dateutil": {
            "hashes": [
                "sha256:0123cacc1627ae19ddf3c27a5de5bd67ee4586fbdd6440d9748f8abb483d3e86",
                "sha256:961d03dc3453ebbc59dbdea9e4e11c5651520a876d0f4db161e8674aae935da9"
            ],
            "index": "pypi",
            "version": "==2.8.2"
        },
        "rawpy": {
            "hashes": [
                "sha256:5bbf9dd99d90d0171c27954422137dbf18a8e600bb0c7979ee75727a4d59bb3a",
                "sha256:6654270f4380d95f247a53a1ed1b518075234e28cc987850f27e83851eb2edc2",
                "sha256:679020a5d5b39a568208072d9311acee8f23b8091627af1348f3c219100dae4a",
                "sha256:76704ea242dd5346b5147308671b265d73755ef3ed43c28953ce781337856d93",
                "sha256:79c97014bfeb2f642514e208601254da82e3cddafa4c33227a1a96a2c882c039",
                "sha256:83e4576b0034214ea5c0b489acedf52a71fbd3638e5f70294c94e5e3d861a86b",
                "sha256:893a04facbba98b5f6f145f0a3191ed627babc37964c39b6a3575bd2d42dc9f6",
                "sha256:93cab1111d61332db7ad78922e9f66363e30acbdbe5ed53733b0bcd1b080fe1b",
                "sha256:aaa7f4bfd5837a4cb0fcc70ba77eb75d9ec5ad20dcb6e4827a6b522e34852eb1",
                "sha256:d72e2b922f4e258823cb93d8f26fc9f69e6737f434be79b17950be3511567360",
                "sha256:da035c02e0f828bcba3b8cf24a43c7285deff974f794768fe49c64219ac5b9af",
                "sha256:e26d23ec57ac75db65c631f6d594ce461394b53f071acb75b8b141ae0f6ccc8b",
                "sha256:e7d337825f4ba26c9ea27b8cc2cf17b789093a6552509609aa6e2acc2f59b3ed",
                "sha256:f0b67709ff9650aa0315d5791d190d5116579e8c31942ffc701e94cdfecb9427",
                "sha256:f380a82529f9880119f673914b0efd24b99aa3982828f873903088ecf26d7e77"
            ],
            "index": "pypi",
            "version": "==0.17.0"
        },
        "six": {
            "hashes": [
                "sha256:1e61c37477a1626458e36f7b1d82aa5c9b094fa4802892072e49de9c60c4c926",
                "sha256:8abb2f1d86890a2dfb989f9a77cfcfd3e47c2a354b01111771326f8aa26e0254"
            ],
            "markers": "python_version >= '2.7' and python_version not in '3.0, 3.1, 3.2, 3.3'",
            "version": "==1.16.0"
        }
    },
    "develop": {}
}
